
Microsoft Visual Studio Solution File, Format Version 12.00
# Visual Studio Version 16
VisualStudioVersion = 16.0.31729.503
MinimumVisualStudioVersion = 10.0.40219.1
Project("{2150E333-8FDC-42A3-9474-1A3956D46DE8}") = "Before", "Before", "{3FDA9A12-FFC4-4AB4-9DF2-35F51D59A38A}"
EndProject
Project("{9A19103F-16F7-4668-BE54-9A1E7A4F7556}") = "SRP", "Before\SRP\SRP\SRP.csproj", "{5541C35C-A03F-4BC6-A2DD-FD6CD3E7805E}"
EndProject
Project("{9A19103F-16F7-4668-BE54-9A1E7A4F7556}") = "OCP", "Before\OCP\OCP.csproj", "{E935D05A-AB5A-4202-BE4C-6EBF82345CA8}"
EndProject
Project("{9A19103F-16F7-4668-BE54-9A1E7A4F7556}") = "LSP", "Before\LSP\LSP.csproj", "{2186E194-AC63-432F-B67E-413F7D5728A4}"
EndProject
Project("{9A19103F-16F7-4668-BE54-9A1E7A4F7556}") = "ISP", "Before\ISP\ISP.csproj", "{4D754CB5-01E0-4780-89EA-EBBDC8A4690C}"
EndProject
Project("{9A19103F-16F7-4668-BE54-9A1E7A4F7556}") = "DIP", "Before\DIP\DIP.csproj", "{C4B7E2A6-F64C-4335-8897-BCA53EC93B14}"
EndProject
Project("{9A19103F-16F7-4668-BE54-9A1E7A4F7556}") = "OCP2", "before\OCP2\OCP2.csproj", "{FA9E2317-AFC0-4F86-8118-52956C734174}"
EndProject
Global
	GlobalSection(SolutionConfigurationPlatforms) = preSolution
		Debug|Any CPU = Debug|Any CPU
		Release|Any CPU = Release|Any CPU
	EndGlobalSection
	GlobalSection(ProjectConfigurationPlatforms) = postSolution
		{5541C35C-A03F-4BC6-A2DD-FD6CD3E7805E}.Debug|Any CPU.ActiveCfg = Debug|Any CPU
		{5541C35C-A03F-4BC6-A2DD-FD6CD3E7805E}.Debug|Any CPU.Build.0 = Debug|Any CPU
		{5541C35C-A03F-4BC6-A2DD-FD6CD3E7805E}.Release|Any CPU.ActiveCfg = Release|Any CPU
		{5541C35C-A03F-4BC6-A2DD-FD6CD3E7805E}.Release|Any CPU.Build.0 = Release|Any CPU
		{E935D05A-AB5A-4202-BE4C-6EBF82345CA8}.Debug|Any CPU.ActiveCfg = Debug|Any CPU
		{E935D05A-AB5A-4202-BE4C-6EBF82345CA8}.Debug|Any CPU.Build.0 = Debug|Any CPU
		{E935D05A-AB5A-4202-BE4C-6EBF82345CA8}.Release|Any CPU.ActiveCfg = Release|Any CPU
		{E935D05A-AB5A-4202-BE4C-6EBF82345CA8}.Release|Any CPU.Build.0 = Release|Any CPU
		{2186E194-AC63-432F-B67E-413F7D5728A4}.Debug|Any CPU.ActiveCfg = Debug|Any CPU
		{2186E194-AC63-432F-B67E-413F7D5728A4}.Debug|Any CPU.Build.0 = Debug|Any CPU
		{2186E194-AC63-432F-B67E-413F7D5728A4}.Release|Any CPU.ActiveCfg = Release|Any CPU
		{2186E194-AC63-432F-B67E-413F7D5728A4}.Release|Any CPU.Build.0 = Release|Any CPU
		{4D754CB5-01E0-4780-89EA-EBBDC8A4690C}.Debug|Any CPU.ActiveCfg = Debug|Any CPU
		{4D754CB5-01E0-4780-89EA-EBBDC8A4690C}.Debug|Any CPU.Build.0 = Debug|Any CPU
		{4D754CB5-01E0-4780-89EA-EBBDC8A4690C}.Release|Any CPU.ActiveCfg = Release|Any CPU
		{4D754CB5-01E0-4780-89EA-EBBDC8A4690C}.Release|Any CPU.Build.0 = Release|Any CPU
		{C4B7E2A6-F64C-4335-8897-BCA53EC93B14}.Debug|Any CPU.ActiveCfg = Debug|Any CPU
		{C4B7E2A6-F64C-4335-8897-BCA53EC93B14}.Debug|Any CPU.Build.0 = Debug|Any CPU
		{C4B7E2A6-F64C-4335-8897-BCA53EC93B14}.Release|Any CPU.ActiveCfg = Release|Any CPU
		{C4B7E2A6-F64C-4335-8897-BCA53EC93B14}.Release|Any CPU.Build.0 = Release|Any CPU
		{FA9E2317-AFC0-4F86-8118-52956C734174}.Debug|Any CPU.ActiveCfg = Debug|Any CPU
		{FA9E2317-AFC0-4F86-8118-52956C734174}.Debug|Any CPU.Build.0 = Debug|Any CPU
		{FA9E2317-AFC0-4F86-8118-52956C734174}.Release|Any CPU.ActiveCfg = Release|Any CPU
		{FA9E2317-AFC0-4F86-8118-52956C734174}.Release|Any CPU.Build.0 = Release|Any CPU
	EndGlobalSection
	GlobalSection(SolutionProperties) = preSolution
		HideSolutionNode = FALSE
	EndGlobalSection
	GlobalSection(NestedProjects) = preSolution
		{5541C35C-A03F-4BC6-A2DD-FD6CD3E7805E} = {3FDA9A12-FFC4-4AB4-9DF2-35F51D59A38A}
		{E935D05A-AB5A-4202-BE4C-6EBF82345CA8} = {3FDA9A12-FFC4-4AB4-9DF2-35F51D59A38A}
		{2186E194-AC63-432F-B67E-413F7D5728A4} = {3FDA9A12-FFC4-4AB4-9DF2-35F51D59A38A}
		{4D754CB5-01E0-4780-89EA-EBBDC8A4690C} = {3FDA9A12-FFC4-4AB4-9DF2-35F51D59A38A}
		{C4B7E2A6-F64C-4335-8897-BCA53EC93B14} = {3FDA9A12-FFC4-4AB4-9DF2-35F51D59A38A}
		{FA9E2317-AFC0-4F86-8118-52956C734174} = {3FDA9A12-FFC4-4AB4-9DF2-35F51D59A38A}
	EndGlobalSection
	GlobalSection(ExtensibilityGlobals) = postSolution
		SolutionGuid = {06D0B876-ED29-47BD-BB1B-A03D08CE2545}
	EndGlobalSection
EndGlobal
